{
  "name": "daemonix",
  "version": "0.4.2",
  "dependencies": {
    "async": {
      "version": "1.2.1",
      "from": "async@1.2.1",
      "resolved": "https://registry.npmjs.org/async/-/async-1.2.1.tgz"
    },
    "commander": {
      "version": "2.8.1",
      "from": "commander@2.8.1",
      "resolved": "https://registry.npmjs.org/commander/-/commander-2.8.1.tgz",
      "dependencies": {
        "graceful-readlink": {
          "version": "1.0.1",
          "from": "graceful-readlink@>=1.0.0",
          "resolved": "https://registry.npmjs.org/graceful-readlink/-/graceful-readlink-1.0.1.tgz"
        }
      }
    },
    "inquirer": {
      "version": "0.8.5",
      "from": "inquirer@0.8.5",
      "resolved": "https://registry.npmjs.org/inquirer/-/inquirer-0.8.5.tgz",
      "dependencies": {
        "ansi-regex": {
          "version": "1.1.1",
          "from": "ansi-regex@>=1.1.1 <2.0.0",
          "resolved": "https://registry.npmjs.org/ansi-regex/-/ansi-regex-1.1.1.tgz"
        },
        "chalk": {
          "version": "1.0.0",
          "from": "chalk@>=1.0.0 <2.0.0",
          "resolved": "https://registry.npmjs.org/chalk/-/chalk-1.0.0.tgz",
          "dependencies": {
            "ansi-styles": {
              "version": "2.0.1",
              "from": "ansi-styles@>=2.0.1 <3.0.0",
              "resolved": "https://registry.npmjs.org/ansi-styles/-/ansi-styles-2.0.1.tgz"
            },
            "escape-string-regexp": {
              "version": "1.0.3",
              "from": "escape-string-regexp@>=1.0.2 <2.0.0",
              "resolved": "https://registry.npmjs.org/escape-string-regexp/-/escape-string-regexp-1.0.3.tgz"
            },
            "has-ansi": {
              "version": "1.0.3",
              "from": "has-ansi@>=1.0.3 <2.0.0",
              "resolved": "https://registry.npmjs.org/has-ansi/-/has-ansi-1.0.3.tgz",
              "dependencies": {
                "get-stdin": {
                  "version": "4.0.1",
                  "from": "get-stdin@>=4.0.1 <5.0.0",
                  "resolved": "https://registry.npmjs.org/get-stdin/-/get-stdin-4.0.1.tgz"
                }
              }
            },
            "strip-ansi": {
              "version": "2.0.1",
              "from": "strip-ansi@>=2.0.1 <3.0.0",
              "resolved": "https://registry.npmjs.org/strip-ansi/-/strip-ansi-2.0.1.tgz"
            },
            "supports-color": {
              "version": "1.3.1",
              "from": "supports-color@>=1.3.0 <2.0.0",
              "resolved": "https://registry.npmjs.org/supports-color/-/supports-color-1.3.1.tgz"
            }
          }
        },
        "cli-width": {
          "version": "1.0.1",
          "from": "cli-width@>=1.0.1 <2.0.0",
          "resolved": "https://registry.npmjs.org/cli-width/-/cli-width-1.0.1.tgz"
        },
        "figures": {
          "version": "1.3.5",
          "from": "figures@>=1.3.5 <2.0.0",
          "resolved": "https://registry.npmjs.org/figures/-/figures-1.3.5.tgz"
        },
        "lodash": {
          "version": "3.9.3",
          "from": "lodash@>=3.3.1 <4.0.0",
          "resolved": "https://registry.npmjs.org/lodash/-/lodash-3.9.3.tgz"
        },
        "readline2": {
          "version": "0.1.1",
          "from": "readline2@>=0.1.1 <0.2.0",
          "resolved": "https://registry.npmjs.org/readline2/-/readline2-0.1.1.tgz",
          "dependencies": {
            "mute-stream": {
              "version": "0.0.4",
              "from": "mute-stream@0.0.4",
              "resolved": "https://registry.npmjs.org/mute-stream/-/mute-stream-0.0.4.tgz"
            },
            "strip-ansi": {
              "version": "2.0.1",
              "from": "strip-ansi@>=2.0.1 <3.0.0",
              "resolved": "https://registry.npmjs.org/strip-ansi/-/strip-ansi-2.0.1.tgz"
            }
          }
        },
        "rx": {
          "version": "2.5.3",
          "from": "rx@>=2.4.3 <3.0.0",
          "resolved": "https://registry.npmjs.org/rx/-/rx-2.5.3.tgz"
        },
        "through": {
          "version": "2.3.7",
          "from": "through@>=2.3.6 <3.0.0",
          "resolved": "https://registry.npmjs.org/through/-/through-2.3.7.tgz"
        }
      }
    },
    "mkdirp": {
      "version": "0.5.1",
      "from": "mkdirp@0.5.1",
      "resolved": "https://registry.npmjs.org/mkdirp/-/mkdirp-0.5.1.tgz",
      "dependencies": {
        "minimist": {
          "version": "0.0.8",
          "from": "minimist@0.0.8",
          "resolved": "https://registry.npmjs.org/minimist/-/minimist-0.0.8.tgz"
        }
      }
    },
    "semver": {
      "version": "4.3.6",
      "from": "semver@4.3.6",
      "resolved": "https://registry.npmjs.org/semver/-/semver-4.3.6.tgz"
    },
    "sidi": {
      "version": "0.0.1",
      "from": "sidi@0.0.1",
      "resolved": "https://registry.npmjs.org/sidi/-/sidi-0.0.1.tgz"
    },
    "temporary": {
      "version": "0.0.8",
      "from": "temporary@0.0.8",
      "resolved": "https://registry.npmjs.org/temporary/-/temporary-0.0.8.tgz",
      "dependencies": {
        "package": {
          "version": "1.0.1",
          "from": "package@>=1.0.0 <1.2.0",
          "resolved": "https://registry.npmjs.org/package/-/package-1.0.1.tgz"
        }
      }
    }
  }
}
